# Generated by pub
# See https://dart.dev/tools/pub/glossary#lockfile
packages:
  _fe_analyzer_shared:
    dependency: transitive
    description:
      name: _fe_analyzer_shared
      sha256: da0d9209ca76bde579f2da330aeb9df62b6319c834fa7baae052021b0462401f
      url: "https://pub.dev"
    source: hosted
    version: "85.0.0"
  _flutterfire_internals:
    dependency: transitive
    description:
      name: _flutterfire_internals
      sha256: ff0a84a2734d9e1089f8aedd5c0af0061b82fb94e95260d943404e0ef2134b11
      url: "https://pub.dev"
    source: hosted
    version: "1.3.59"
  agora_rtc_engine:
    dependency: "direct main"
    description:
      name: agora_rtc_engine
      sha256: "6559294d18ce4445420e19dbdba10fb58cac955cd8f22dbceae26716e194d70e"
      url: "https://pub.dev"
    source: hosted
    version: "6.5.3"
  analyzer:
    dependency: transitive
    description:
      name: analyzer
      sha256: f4ad0fea5f102201015c9aae9d93bc02f75dd9491529a8c21f88d17a8523d44c
      url: "https://pub.dev"
    source: hosted
    version: "7.6.0"
  analyzer_buffer:
    dependency: transitive
    description:
      name: analyzer_buffer
      sha256: f7833bee67c03c37241c67f8741b17cc501b69d9758df7a5a4a13ed6c947be43
      url: "https://pub.dev"
    source: hosted
    version: "0.1.10"
  analyzer_plugin:
    dependency: transitive
    description:
      name: analyzer_plugin
      sha256: a5ab7590c27b779f3d4de67f31c4109dbe13dd7339f86461a6f2a8ab2594d8ce
      url: "https://pub.dev"
    source: hosted
    version: "0.13.4"
  another_flushbar:
    dependency: "direct main"
    description:
      name: another_flushbar
      sha256: "2b99671c010a7d5770acf5cb24c9f508b919c3a7948b6af9646e773e7da7b757"
      url: "https://pub.dev"
    source: hosted
    version: "1.12.32"
  args:
    dependency: transitive
    description:
      name: args
      sha256: d0481093c50b1da8910eb0bb301626d4d8eb7284aa739614d2b394ee09e3ea04
      url: "https://pub.dev"
    source: hosted
    version: "2.7.0"
  async:
    dependency: transitive
    description:
      name: async
      sha256: "758e6d74e971c3e5aceb4110bfd6698efc7f501675bcfe0c775459a8140750eb"
      url: "https://pub.dev"
    source: hosted
    version: "2.13.0"
  barcode_scan2:
    dependency: "direct main"
    description:
      name: barcode_scan2
      sha256: "50b286021c644deee71e20a06c1709adc6594e39d65024ced0458cc1e3ff298e"
      url: "https://pub.dev"
    source: hosted
    version: "4.6.0"
  boolean_selector:
    dependency: transitive
    description:
      name: boolean_selector
      sha256: "8aab1771e1243a5063b8b0ff68042d67334e3feab9e95b9490f9a6ebf73b42ea"
      url: "https://pub.dev"
    source: hosted
    version: "2.1.2"
  build:
    dependency: transitive
    description:
      name: build
      sha256: ce76b1d48875e3233fde17717c23d1f60a91cc631597e49a400c89b475395b1d
      url: "https://pub.dev"
    source: hosted
    version: "3.1.0"
  build_config:
    dependency: transitive
    description:
      name: build_config
      sha256: "4f64382b97504dc2fcdf487d5aae33418e08b4703fc21249e4db6d804a4d0187"
      url: "https://pub.dev"
    source: hosted
    version: "1.2.0"
  build_daemon:
    dependency: transitive
    description:
      name: build_daemon
      sha256: bf05f6e12cfea92d3c09308d7bcdab1906cd8a179b023269eed00c071004b957
      url: "https://pub.dev"
    source: hosted
    version: "4.1.1"
  build_resolvers:
    dependency: transitive
    description:
      name: build_resolvers
      sha256: d1d57f7807debd7349b4726a19fd32ec8bc177c71ad0febf91a20f84cd2d4b46
      url: "https://pub.dev"
    source: hosted
    version: "3.0.3"
  build_runner:
    dependency: "direct dev"
    description:
      name: build_runner
      sha256: b24597fceb695969d47025c958f3837f9f0122e237c6a22cb082a5ac66c3ca30
      url: "https://pub.dev"
    source: hosted
    version: "2.7.1"
  build_runner_core:
    dependency: transitive
    description:
      name: build_runner_core
      sha256: "066dda7f73d8eb48ba630a55acb50c4a84a2e6b453b1cb4567f581729e794f7b"
      url: "https://pub.dev"
    source: hosted
    version: "9.3.1"
  built_collection:
    dependency: transitive
    description:
      name: built_collection
      sha256: "376e3dd27b51ea877c28d525560790aee2e6fbb5f20e2f85d5081027d94e2100"
      url: "https://pub.dev"
    source: hosted
    version: "5.1.1"
  built_value:
    dependency: transitive
    description:
      name: built_value
      sha256: "7931c90b84bc573fef103548e354258ae4c9d28d140e41961df6843c5d60d4d8"
      url: "https://pub.dev"
    source: hosted
    version: "8.12.3"
  characters:
    dependency: transitive
    description:
      name: characters
      sha256: f71061c654a3380576a52b451dd5532377954cf9dbd272a78fc8479606670803
      url: "https://pub.dev"
    source: hosted
    version: "1.4.0"
  checked_yaml:
    dependency: transitive
    description:
      name: checked_yaml
      sha256: "959525d3162f249993882720d52b7e0c833978df229be20702b33d48d91de70f"
      url: "https://pub.dev"
    source: hosted
    version: "2.0.4"
  cli_config:
    dependency: transitive
    description:
      name: cli_config
      sha256: ac20a183a07002b700f0c25e61b7ee46b23c309d76ab7b7640a028f18e4d99ec
      url: "https://pub.dev"
    source: hosted
    version: "0.2.0"
  clipboard:
    dependency: "direct main"
    description:
      name: clipboard
      sha256: c668fd6ce6715b5054766a3217c88bcf56f993c373ec95121a49c9415a67aa99
      url: "https://pub.dev"
    source: hosted
    version: "3.0.10"
  clock:
    dependency: transitive
    description:
      name: clock
      sha256: fddb70d9b5277016c77a80201021d40a2247104d9f4aa7bab7157b7e3f05b84b
      url: "https://pub.dev"
    source: hosted
    version: "1.1.2"
  cloud_firestore:
    dependency: "direct main"
    description:
      name: cloud_firestore
      sha256: "2d33da4465bdb81b6685c41b535895065adcb16261beb398f5f3bbc623979e9c"
      url: "https://pub.dev"
    source: hosted
    version: "5.6.12"
  cloud_firestore_platform_interface:
    dependency: transitive
    description:
      name: cloud_firestore_platform_interface
      sha256: "413c4e01895cf9cb3de36fa5c219479e06cd4722876274ace5dfc9f13ab2e39b"
      url: "https://pub.dev"
    source: hosted
    version: "6.6.12"
  cloud_firestore_web:
    dependency: transitive
    description:
      name: cloud_firestore_web
      sha256: c1e30fc4a0fcedb08723fb4b1f12ee4e56d937cbf9deae1bda43cbb6367bb4cf
      url: "https://pub.dev"
    source: hosted
    version: "4.4.12"
  code_builder:
    dependency: transitive
    description:
      name: code_builder
      sha256: "6a6cab2ba4680d6423f34a9b972a4c9a94ebe1b62ecec4e1a1f2cba91fd1319d"
      url: "https://pub.dev"
    source: hosted
    version: "4.11.1"
  collection:
    dependency: transitive
    description:
      name: collection
      sha256: "2f5709ae4d3d59dd8f7cd309b4e023046b57d8a6c82130785d2b0e5868084e76"
      url: "https://pub.dev"
    source: hosted
    version: "1.19.1"
  convert:
    dependency: transitive
    description:
      name: convert
      sha256: b30acd5944035672bc15c6b7a8b47d773e41e2f17de064350988c5d02adb1c68
      url: "https://pub.dev"
    source: hosted
    version: "3.1.2"
  coverage:
    dependency: transitive
    description:
      name: coverage
      sha256: "5da775aa218eaf2151c721b16c01c7676fbfdd99cebba2bf64e8b807a28ff94d"
      url: "https://pub.dev"
    source: hosted
    version: "1.15.0"
  cross_file:
    dependency: transitive
    description:
      name: cross_file
      sha256: "701dcfc06da0882883a2657c445103380e53e647060ad8d9dfb710c100996608"
      url: "https://pub.dev"
    source: hosted
    version: "0.3.5+1"
  crypto:
    dependency: transitive
    description:
      name: crypto
      sha256: c8ea0233063ba03258fbcf2ca4d6dadfefe14f02fab57702265467a19f27fadf
      url: "https://pub.dev"
    source: hosted
    version: "3.0.7"
  cupertino_icons:
    dependency: "direct main"
    description:
      name: cupertino_icons
      sha256: ba631d1c7f7bef6b729a622b7b752645a2d076dba9976925b8f25725a30e1ee6
      url: "https://pub.dev"
    source: hosted
    version: "1.0.8"
  custom_lint_core:
    dependency: transitive
    description:
      name: custom_lint_core
      sha256: cc4684d22ca05bf0a4a51127e19a8aea576b42079ed2bc9e956f11aaebe35dd1
      url: "https://pub.dev"
    source: hosted
    version: "0.8.0"
  custom_lint_visitor:
    dependency: transitive
    description:
      name: custom_lint_visitor
      sha256: "4a86a0d8415a91fbb8298d6ef03e9034dc8e323a599ddc4120a0e36c433983a2"
      url: "https://pub.dev"
    source: hosted
    version: "1.0.0+7.7.0"
  dart_style:
    dependency: transitive
    description:
      name: dart_style
      sha256: "8a0e5fba27e8ee025d2ffb4ee820b4e6e2cf5e4246a6b1a477eb66866947e0bb"
      url: "https://pub.dev"
    source: hosted
    version: "3.1.1"
  dbus:
    dependency: transitive
    description:
      name: dbus
      sha256: "79e0c23480ff85dc68de79e2cd6334add97e48f7f4865d17686dd6ea81a47e8c"
      url: "https://pub.dev"
    source: hosted
    version: "0.7.11"
  dio:
    dependency: "direct main"
    description:
      name: dio
      sha256: d90ee57923d1828ac14e492ca49440f65477f4bb1263575900be731a3dac66a9
      url: "https://pub.dev"
    source: hosted
    version: "5.9.0"
  dio_web_adapter:
    dependency: transitive
    description:
      name: dio_web_adapter
      sha256: "7586e476d70caecaf1686d21eee7247ea43ef5c345eab9e0cc3583ff13378d78"
      url: "https://pub.dev"
    source: hosted
    version: "2.1.1"
  fake_async:
    dependency: transitive
    description:
      name: fake_async
      sha256: "5368f224a74523e8d2e7399ea1638b37aecfca824a3cc4dfdf77bf1fa905ac44"
      url: "https://pub.dev"
    source: hosted
    version: "1.3.3"
  ffi:
    dependency: transitive
    description:
      name: ffi
      sha256: "289279317b4b16eb2bb7e271abccd4bf84ec9bdcbe999e278a94b804f5630418"
      url: "https://pub.dev"
    source: hosted
    version: "2.1.4"
  file:
    dependency: transitive
    description:
      name: file
      sha256: a3b4f84adafef897088c160faf7dfffb7696046cb13ae90b508c2cbc95d3b8d4
      url: "https://pub.dev"
    source: hosted
    version: "7.0.1"
  file_picker:
    dependency: "direct main"
    description:
      name: file_picker
      sha256: d974b6ba2606371ac71dd94254beefb6fa81185bde0b59bdc1df09885da85fde
      url: "https://pub.dev"
    source: hosted
    version: "10.3.8"
  file_selector_linux:
    dependency: transitive
    description:
      name: file_selector_linux
      sha256: "2567f398e06ac72dcf2e98a0c95df2a9edd03c2c2e0cacd4780f20cdf56263a0"
      url: "https://pub.dev"
    source: hosted
    version: "0.9.4"
  file_selector_macos:
    dependency: transitive
    description:
      name: file_selector_macos
      sha256: "19124ff4a3d8864fdc62072b6a2ef6c222d55a3404fe14893a3c02744907b60c"
      url: "https://pub.dev"
    source: hosted
    version: "0.9.4+4"
  file_selector_platform_interface:
    dependency: transitive
    description:
      name: file_selector_platform_interface
      sha256: "35e0bd61ebcdb91a3505813b055b09b79dfdc7d0aee9c09a7ba59ae4bb13dc85"
      url: "https://pub.dev"
    source: hosted
    version: "2.7.0"
  file_selector_windows:
    dependency: transitive
    description:
      name: file_selector_windows
      sha256: "62197474ae75893a62df75939c777763d39c2bc5f73ce5b88497208bc269abfd"
      url: "https://pub.dev"
    source: hosted
    version: "0.9.3+5"
  firebase_auth:
    dependency: "direct main"
    description:
      name: firebase_auth
      sha256: "0fed2133bee1369ee1118c1fef27b2ce0d84c54b7819a2b17dada5cfec3b03ff"
      url: "https://pub.dev"
    source: hosted
    version: "5.7.0"
  firebase_auth_platform_interface:
    dependency: transitive
    description:
      name: firebase_auth_platform_interface
      sha256: "871c9df4ec9a754d1a793f7eb42fa3b94249d464cfb19152ba93e14a5966b386"
      url: "https://pub.dev"
    source: hosted
    version: "7.7.3"
  firebase_auth_web:
    dependency: transitive
    description:
      name: firebase_auth_web
      sha256: d9ada769c43261fd1b18decf113186e915c921a811bd5014f5ea08f4cf4bc57e
      url: "https://pub.dev"
    source: hosted
    version: "5.15.3"
  firebase_core:
    dependency: "direct main"
    description:
      name: firebase_core
      sha256: "7be63a3f841fc9663342f7f3a011a42aef6a61066943c90b1c434d79d5c995c5"
      url: "https://pub.dev"
    source: hosted
    version: "3.15.2"
  firebase_core_platform_interface:
    dependency: transitive
    description:
      name: firebase_core_platform_interface
      sha256: cccb4f572325dc14904c02fcc7db6323ad62ba02536833dddb5c02cac7341c64
      url: "https://pub.dev"
    source: hosted
    version: "6.0.2"
  firebase_core_web:
    dependency: transitive
    description:
      name: firebase_core_web
      sha256: "0ed0dc292e8f9ac50992e2394e9d336a0275b6ae400d64163fdf0a8a8b556c37"
      url: "https://pub.dev"
    source: hosted
    version: "2.24.1"
  firebase_messaging:
    dependency: "direct main"
    description:
      name: firebase_messaging
      sha256: "60be38574f8b5658e2f22b7e311ff2064bea835c248424a383783464e8e02fcc"
      url: "https://pub.dev"
    source: hosted
    version: "15.2.10"
  firebase_messaging_platform_interface:
    dependency: transitive
    description:
      name: firebase_messaging_platform_interface
      sha256: "685e1771b3d1f9c8502771ccc9f91485b376ffe16d553533f335b9183ea99754"
      url: "https://pub.dev"
    source: hosted
    version: "4.6.10"
  firebase_messaging_web:
    dependency: transitive
    description:
      name: firebase_messaging_web
      sha256: "0d1be17bc89ed3ff5001789c92df678b2e963a51b6fa2bdb467532cc9dbed390"
      url: "https://pub.dev"
    source: hosted
    version: "3.10.10"
  firebase_storage:
    dependency: "direct main"
    description:
      name: firebase_storage
      sha256: "958fc88a7ef0b103e694d30beed515c8f9472dde7e8459b029d0e32b8ff03463"
      url: "https://pub.dev"
    source: hosted
    version: "12.4.10"
  firebase_storage_platform_interface:
    dependency: transitive
    description:
      name: firebase_storage_platform_interface
      sha256: d2661c05293c2a940c8ea4bc0444e1b5566c79dd3202c2271140c082c8cd8dd4
      url: "https://pub.dev"
    source: hosted
    version: "5.2.10"
  firebase_storage_web:
    dependency: transitive
    description:
      name: firebase_storage_web
      sha256: "629a557c5e1ddb97a3666cbf225e97daa0a66335dbbfdfdce113ef9f881e833f"
      url: "https://pub.dev"
    source: hosted
    version: "3.10.17"
  fixnum:
    dependency: transitive
    description:
      name: fixnum
      sha256: b6dc7065e46c974bc7c5f143080a6764ec7a4be6da1285ececdc37be96de53be
      url: "https://pub.dev"
    source: hosted
    version: "1.1.1"
  flutter:
    dependency: "direct main"
    description: flutter
    source: sdk
    version: "0.0.0"
  flutter_dotenv:
    dependency: "direct main"
    description:
      name: flutter_dotenv
      sha256: d4130c4a43e0b13fefc593bc3961f2cb46e30cb79e253d4a526b1b5d24ae1ce4
      url: "https://pub.dev"
    source: hosted
    version: "6.0.0"
  flutter_lints:
    dependency: "direct dev"
    description:
      name: flutter_lints
      sha256: "3105dc8492f6183fb076ccf1f351ac3d60564bff92e20bfc4af9cc1651f4e7e1"
      url: "https://pub.dev"
    source: hosted
    version: "6.0.0"
  flutter_local_notifications:
    dependency: "direct main"
    description:
      name: flutter_local_notifications
      sha256: "76cd20bcfa72fabe50ea27eeaf165527f446f55d3033021462084b87805b4cac"
      url: "https://pub.dev"
    source: hosted
    version: "20.0.0"
  flutter_local_notifications_linux:
    dependency: transitive
    description:
      name: flutter_local_notifications_linux
      sha256: dce0116868cedd2cdf768af0365fc37ff1cbef7c02c4f51d0587482e625868d0
      url: "https://pub.dev"
    source: hosted
    version: "7.0.0"
  flutter_local_notifications_platform_interface:
    dependency: transitive
    description:
      name: flutter_local_notifications_platform_interface
      sha256: "23de31678a48c084169d7ae95866df9de5c9d2a44be3e5915a2ff067aeeba899"
      url: "https://pub.dev"
    source: hosted
    version: "10.0.0"
  flutter_local_notifications_windows:
    dependency: transitive
    description:
      name: flutter_local_notifications_windows
      sha256: "7ddd964fa85b6a23e96956c5b63ef55cdb9e5947b71b95712204db42ad46da61"
      url: "https://pub.dev"
    source: hosted
    version: "2.0.0"
  flutter_localizations:
    dependency: "direct main"
    description: flutter
    source: sdk
    version: "0.0.0"
  flutter_plugin_android_lifecycle:
    dependency: transitive
    description:
      name: flutter_plugin_android_lifecycle
      sha256: c2fe1001710127dfa7da89977a08d591398370d099aacdaa6d44da7eb14b8476
      url: "https://pub.dev"
    source: hosted
    version: "2.0.31"
  flutter_riverpod:
    dependency: "direct main"
    description:
      name: flutter_riverpod
      sha256: "9e2d6907f12cc7d23a846847615941bddee8709bf2bfd274acdf5e80bcf22fde"
      url: "https://pub.dev"
    source: hosted
    version: "3.0.3"
  flutter_test:
    dependency: "direct dev"
    description: flutter
    source: sdk
    version: "0.0.0"
  flutter_web_plugins:
    dependency: transitive
    description: flutter
    source: sdk
    version: "0.0.0"
  freezed:
    dependency: "direct dev"
    description:
      name: freezed
      sha256: "13065f10e135263a4f5a4391b79a8efc5fb8106f8dd555a9e49b750b45393d77"
      url: "https://pub.dev"
    source: hosted
    version: "3.2.3"
  freezed_annotation:
    dependency: "direct main"
    description:
      name: freezed_annotation
      sha256: "7294967ff0a6d98638e7acb774aac3af2550777accd8149c90af5b014e6d44d8"
      url: "https://pub.dev"
    source: hosted
    version: "3.1.0"
  frontend_server_client:
    dependency: transitive
    description:
      name: frontend_server_client
      sha256: f64a0333a82f30b0cca061bc3d143813a486dc086b574bfb233b7c1372427694
      url: "https://pub.dev"
    source: hosted
    version: "4.0.0"
  glob:
    dependency: transitive
    description:
      name: glob
      sha256: c3f1ee72c96f8f78935e18aa8cecced9ab132419e8625dc187e1c2408efc20de
      url: "https://pub.dev"
    source: hosted
    version: "2.1.3"
  go_router:
    dependency: "direct main"
    description:
      name: go_router
      sha256: c92d18e1fe994cb06d48aa786c46b142a5633067e8297cff6b5a3ac742620104
      url: "https://pub.dev"
    source: hosted
    version: "17.0.0"
  google_identity_services_web:
    dependency: transitive
    description:
      name: google_identity_services_web
      sha256: "5d187c46dc59e02646e10fe82665fc3884a9b71bc1c90c2b8b749316d33ee454"
      url: "https://pub.dev"
    source: hosted
    version: "0.3.3+1"
  google_sign_in:
    dependency: "direct main"
    description:
      name: google_sign_in
      sha256: d0a2c3bcb06e607bb11e4daca48bd4b6120f0bbc4015ccebbe757d24ea60ed2a
      url: "https://pub.dev"
    source: hosted
    version: "6.3.0"
  google_sign_in_android:
    dependency: transitive
    description:
      name: google_sign_in_android
      sha256: d5e23c56a4b84b6427552f1cf3f98f716db3b1d1a647f16b96dbb5b93afa2805
      url: "https://pub.dev"
    source: hosted
    version: "6.2.1"
  google_sign_in_ios:
    dependency: transitive
    description:
      name: google_sign_in_ios
      sha256: "102005f498ce18442e7158f6791033bbc15ad2dcc0afa4cf4752e2722a516c96"
      url: "https://pub.dev"
    source: hosted
    version: "5.9.0"
  google_sign_in_platform_interface:
    dependency: transitive
    description:
      name: google_sign_in_platform_interface
      sha256: "5f6f79cf139c197261adb6ac024577518ae48fdff8e53205c5373b5f6430a8aa"
      url: "https://pub.dev"
    source: hosted
    version: "2.5.0"
  google_sign_in_web:
    dependency: transitive
    description:
      name: google_sign_in_web
      sha256: "460547beb4962b7623ac0fb8122d6b8268c951cf0b646dd150d60498430e4ded"
      url: "https://pub.dev"
    source: hosted
    version: "0.12.4+4"
  graphs:
    dependency: transitive
    description:
      name: graphs
      sha256: "741bbf84165310a68ff28fe9e727332eef1407342fca52759cb21ad8177bb8d0"
      url: "https://pub.dev"
    source: hosted
    version: "2.3.2"
  grouped_list:
    dependency: "direct main"
    description:
      name: grouped_list
      sha256: c52551bc17699e304634d4653b824a1aa7c6b1d3a2c1a0da1a80839f867353fb
      url: "https://pub.dev"
    source: hosted
    version: "6.0.0"
  http:
    dependency: "direct main"
    description:
      name: http
      sha256: "87721a4a50b19c7f1d49001e51409bddc46303966ce89a65af4f4e6004896412"
      url: "https://pub.dev"
    source: hosted
    version: "1.6.0"
  http_multi_server:
    dependency: transitive
    description:
      name: http_multi_server
      sha256: aa6199f908078bb1c5efb8d8638d4ae191aac11b311132c3ef48ce352fb52ef8
      url: "https://pub.dev"
    source: hosted
    version: "3.2.2"
  http_parser:
    dependency: transitive
    description:
      name: http_parser
      sha256: "178d74305e7866013777bab2c3d8726205dc5a4dd935297175b19a23a2e66571"
      url: "https://pub.dev"
    source: hosted
    version: "4.1.2"
  image_picker:
    dependency: "direct main"
    description:
      name: image_picker
      sha256: "784210112be18ea55f69d7076e2c656a4e24949fa9e76429fe53af0c0f4fa320"
      url: "https://pub.dev"
    source: hosted
    version: "1.2.1"
  image_picker_android:
    dependency: transitive
    description:
      name: image_picker_android
      sha256: "28f3987ca0ec702d346eae1d90eda59603a2101b52f1e234ded62cff1d5cfa6e"
      url: "https://pub.dev"
    source: hosted
    version: "0.8.13+1"
  image_picker_for_web:
    dependency: transitive
    description:
      name: image_picker_for_web
      sha256: "66257a3191ab360d23a55c8241c91a6e329d31e94efa7be9cf7a212e65850214"
      url: "https://pub.dev"
    source: hosted
    version: "3.1.1"
  image_picker_ios:
    dependency: transitive
    description:
      name: image_picker_ios
      sha256: eb06fe30bab4c4497bad449b66448f50edcc695f1c59408e78aa3a8059eb8f0e
      url: "https://pub.dev"
    source: hosted
    version: "0.8.13"
  image_picker_linux:
    dependency: transitive
    description:
      name: image_picker_linux
      sha256: "1f81c5f2046b9ab724f85523e4af65be1d47b038160a8c8deed909762c308ed4"
      url: "https://pub.dev"
    source: hosted
    version: "0.2.2"
  image_picker_macos:
    dependency: transitive
    description:
      name: image_picker_macos
      sha256: d58cd9d67793d52beefd6585b12050af0a7663c0c2a6ece0fb110a35d6955e04
      url: "https://pub.dev"
    source: hosted
    version: "0.2.2"
  image_picker_platform_interface:
    dependency: transitive
    description:
      name: image_picker_platform_interface
      sha256: "567e056716333a1647c64bb6bd873cff7622233a5c3f694be28a583d4715690c"
      url: "https://pub.dev"
    source: hosted
    version: "2.11.1"
  image_picker_windows:
    dependency: transitive
    description:
      name: image_picker_windows
      sha256: d248c86554a72b5495a31c56f060cf73a41c7ff541689327b1a7dbccc33adfae
      url: "https://pub.dev"
    source: hosted
    version: "0.2.2"
  intl:
    dependency: "direct main"
    description:
      name: intl
      sha256: "3df61194eb431efc39c4ceba583b95633a403f46c9fd341e550ce0bfa50e9aa5"
      url: "https://pub.dev"
    source: hosted
    version: "0.20.2"
  io:
    dependency: transitive
    description:
      name: io
      sha256: dfd5a80599cf0165756e3181807ed3e77daf6dd4137caaad72d0b7931597650b
      url: "https://pub.dev"
    source: hosted
    version: "1.0.5"
  iris_method_channel:
    dependency: transitive
    description:
      name: iris_method_channel
      sha256: bfb5cfc6c6eae42da8cd1b35977a72d8b8881848a5dfc3d672e4760a907d11a0
      url: "https://pub.dev"
    source: hosted
    version: "2.2.4"
  js:
    dependency: transitive
    description:
      name: js
      sha256: f2c445dce49627136094980615a031419f7f3eb393237e4ecd97ac15dea343f3
      url: "https://pub.dev"
    source: hosted
    version: "0.6.7"
  json_annotation:
    dependency: transitive
    description:
      name: json_annotation
      sha256: "1ce844379ca14835a50d2f019a3099f419082cfdd231cd86a142af94dd5c6bb1"
      url: "https://pub.dev"
    source: hosted
    version: "4.9.0"
  leak_tracker:
    dependency: transitive
    description:
      name: leak_tracker
      sha256: "6bb818ecbdffe216e81182c2f0714a2e62b593f4a4f13098713ff1685dfb6ab0"
      url: "https://pub.dev"
    source: hosted
    version: "10.0.9"
  leak_tracker_flutter_testing:
    dependency: transitive
    description:
      name: leak_tracker_flutter_testing
      sha256: f8b613e7e6a13ec79cfdc0e97638fddb3ab848452eff057653abd3edba760573
      url: "https://pub.dev"
    source: hosted
    version: "3.0.9"
  leak_tracker_testing:
    dependency: transitive
    description:
      name: leak_tracker_testing
      sha256: "6ba465d5d76e67ddf503e1161d1f4a6bc42306f9d66ca1e8f079a47290fb06d3"
      url: "https://pub.dev"
    source: hosted
    version: "3.0.1"
  lints:
    dependency: transitive
    description:
      name: lints
      sha256: a5e2b223cb7c9c8efdc663ef484fdd95bb243bff242ef5b13e26883547fce9a0
      url: "https://pub.dev"
    source: hosted
    version: "6.0.0"
  loading_animation_widget:
    dependency: "direct main"
    description:
      name: loading_animation_widget
      sha256: "9fe23381f3096e902f39e87e487648ff7f74925e86234353fa885bb9f6c98004"
      url: "https://pub.dev"
    source: hosted
    version: "1.3.0"
  logging:
    dependency: transitive
    description:
      name: logging
      sha256: c8245ada5f1717ed44271ed1c26b8ce85ca3228fd2ffdb75468ab01979309d61
      url: "https://pub.dev"
    source: hosted
    version: "1.3.0"
  matcher:
    dependency: transitive
    description:
      name: matcher
      sha256: dc58c723c3c24bf8d3e2d3ad3f2f9d7bd9cf43ec6feaa64181775e60190153f2
      url: "https://pub.dev"
    source: hosted
    version: "0.12.17"
  material_color_utilities:
    dependency: transitive
    description:
      name: material_color_utilities
      sha256: f7142bb1154231d7ea5f96bc7bde4bda2a0945d2806bb11670e30b850d56bdec
      url: "https://pub.dev"
    source: hosted
    version: "0.11.1"
  material_floating_search_bar_2:
    dependency: "direct main"
    description:
      name: material_floating_search_bar_2
      sha256: ab0c6d209d9491f98dd4c72f2641d0ba1dd35c87effca1f23d8679bece43add0
      url: "https://pub.dev"
    source: hosted
    version: "0.5.0"
  meta:
    dependency: transitive
    description:
      name: meta
      sha256: e3641ec5d63ebf0d9b41bd43201a66e3fc79a65db5f61fc181f04cd27aab950c
      url: "https://pub.dev"
    source: hosted
    version: "1.16.0"
  mime:
    dependency: transitive
    description:
      name: mime
      sha256: "801fd0b26f14a4a58ccb09d5892c3fbdeff209594300a542492cf13fba9d247a"
      url: "https://pub.dev"
    source: hosted
    version: "1.0.6"
  mockito:
    dependency: transitive
    description:
      name: mockito
      sha256: "2314cbe9165bcd16106513df9cf3c3224713087f09723b128928dc11a4379f99"
      url: "https://pub.dev"
    source: hosted
    version: "5.5.0"
  node_preamble:
    dependency: transitive
    description:
      name: node_preamble
      sha256: "6e7eac89047ab8a8d26cf16127b5ed26de65209847630400f9aefd7cd5c730db"
      url: "https://pub.dev"
    source: hosted
    version: "2.0.2"
  package_config:
    dependency: transitive
    description:
      name: package_config
      sha256: f096c55ebb7deb7e384101542bfba8c52696c1b56fca2eb62827989ef2353bbc
      url: "https://pub.dev"
    source: hosted
    version: "2.2.0"
  path:
    dependency: transitive
    description:
      name: path
      sha256: "75cca69d1490965be98c73ceaea117e8a04dd21217b37b292c9ddbec0d955bc5"
      url: "https://pub.dev"
    source: hosted
    version: "1.9.1"
  path_provider:
    dependency: "direct main"
    description:
      name: path_provider
      sha256: "50c5dd5b6e1aaf6fb3a78b33f6aa3afca52bf903a8a5298f53101fdaee55bbcd"
      url: "https://pub.dev"
    source: hosted
    version: "2.1.5"
  path_provider_android:
    dependency: transitive
    description:
      name: path_provider_android
      sha256: "3b4c1fc3aa55ddc9cd4aa6759984330d5c8e66aa7702a6223c61540dc6380c37"
      url: "https://pub.dev"
    source: hosted
    version: "2.2.19"
  path_provider_foundation:
    dependency: transitive
    description:
      name: path_provider_foundation
      sha256: "16eef174aacb07e09c351502740fa6254c165757638eba1e9116b0a781201bbd"
      url: "https://pub.dev"
    source: hosted
    version: "2.4.2"
  path_provider_linux:
    dependency: transitive
    description:
      name: path_provider_linux
      sha256: f7a1fe3a634fe7734c8d3f2766ad746ae2a2884abe22e241a8b301bf5cac3279
      url: "https://pub.dev"
    source: hosted
    version: "2.2.1"
  path_provider_platform_interface:
    dependency: transitive
    description:
      name: path_provider_platform_interface
      sha256: "88f5779f72ba699763fa3a3b06aa4bf6de76c8e5de842cf6f29e2e06476c2334"
      url: "https://pub.dev"
    source: hosted
    version: "2.1.2"
  path_provider_windows:
    dependency: transitive
    description:
      name: path_provider_windows
      sha256: bd6f00dbd873bfb70d0761682da2b3a2c2fccc2b9e84c495821639601d81afe7
      url: "https://pub.dev"
    source: hosted
    version: "2.3.0"
  percent_indicator:
    dependency: "direct main"
    description:
      name: percent_indicator
      sha256: "157d29133bbc6ecb11f923d36e7960a96a3f28837549a20b65e5135729f0f9fd"
      url: "https://pub.dev"
    source: hosted
    version: "4.2.5"
  permission_handler:
    dependency: "direct main"
    description:
      name: permission_handler
      sha256: bc917da36261b00137bbc8896bf1482169cd76f866282368948f032c8c1caae1
      url: "https://pub.dev"
    source: hosted
    version: "12.0.1"
  permission_handler_android:
    dependency: transitive
    description:
      name: permission_handler_android
      sha256: "1e3bc410ca1bf84662104b100eb126e066cb55791b7451307f9708d4007350e6"
      url: "https://pub.dev"
    source: hosted
    version: "13.0.1"
  permission_handler_apple:
    dependency: transitive
    description:
      name: permission_handler_apple
      sha256: f000131e755c54cf4d84a5d8bd6e4149e262cc31c5a8b1d698de1ac85fa41023
      url: "https://pub.dev"
    source: hosted
    version: "9.4.7"
  permission_handler_html:
    dependency: transitive
    description:
      name: permission_handler_html
      sha256: "38f000e83355abb3392140f6bc3030660cfaef189e1f87824facb76300b4ff24"
      url: "https://pub.dev"
    source: hosted
    version: "0.1.3+5"
  permission_handler_platform_interface:
    dependency: transitive
    description:
      name: permission_handler_platform_interface
      sha256: eb99b295153abce5d683cac8c02e22faab63e50679b937fa1bf67d58bb282878
      url: "https://pub.dev"
    source: hosted
    version: "4.3.0"
  permission_handler_windows:
    dependency: transitive
    description:
      name: permission_handler_windows
      sha256: "1a790728016f79a41216d88672dbc5df30e686e811ad4e698bfc51f76ad91f1e"
      url: "https://pub.dev"
    source: hosted
    version: "0.2.1"
  petitparser:
    dependency: transitive
    description:
      name: petitparser
      sha256: "1a97266a94f7350d30ae522c0af07890c70b8e62c71e8e3920d1db4d23c057d1"
      url: "https://pub.dev"
    source: hosted
    version: "7.0.1"
  platform:
    dependency: transitive
    description:
      name: platform
      sha256: "5d6b1b0036a5f331ebc77c850ebc8506cbc1e9416c27e59b439f917a902a4984"
      url: "https://pub.dev"
    source: hosted
    version: "3.1.6"
  plugin_platform_interface:
    dependency: transitive
    description:
      name: plugin_platform_interface
      sha256: "4820fbfdb9478b1ebae27888254d445073732dae3d6ea81f0b7e06d5dedc3f02"
      url: "https://pub.dev"
    source: hosted
    version: "2.1.8"
  pool:
    dependency: transitive
    description:
      name: pool
      sha256: "978783255c543aa3586a1b3c21f6e9d720eb315376a915872c61ef8b5c20177d"
      url: "https://pub.dev"
    source: hosted
    version: "1.5.2"
  protobuf:
    dependency: transitive
    description:
      name: protobuf
      sha256: "75ec242d22e950bdcc79ee38dd520ce4ee0bc491d7fadc4ea47694604d22bf06"
      url: "https://pub.dev"
    source: hosted
    version: "6.0.0"
  pub_semver:
    dependency: transitive
    description:
      name: pub_semver
      sha256: "5bfcf68ca79ef689f8990d1160781b4bad40a3bd5e5218ad4076ddb7f4081585"
      url: "https://pub.dev"
    source: hosted
    version: "2.2.0"
  pubspec_parse:
    dependency: transitive
    description:
      name: pubspec_parse
      sha256: "0560ba233314abbed0a48a2956f7f022cce7c3e1e73df540277da7544cad4082"
      url: "https://pub.dev"
    source: hosted
    version: "1.5.0"
  qr:
    dependency: transitive
    description:
      name: qr
      sha256: "5a1d2586170e172b8a8c8470bbbffd5eb0cd38a66c0d77155ea138d3af3a4445"
      url: "https://pub.dev"
    source: hosted
    version: "3.0.2"
  qr_flutter:
    dependency: "direct main"
    description:
      name: qr_flutter
      sha256: "5095f0fc6e3f71d08adef8feccc8cea4f12eec18a2e31c2e8d82cb6019f4b097"
      url: "https://pub.dev"
    source: hosted
    version: "4.1.0"
  riverpod:
    dependency: "direct main"
    description:
      name: riverpod
      sha256: c406de02bff19d920b832bddfb8283548bfa05ce41c59afba57ce643e116aa59
      url: "https://pub.dev"
    source: hosted
    version: "3.0.3"
  riverpod_analyzer_utils:
    dependency: transitive
    description:
      name: riverpod_analyzer_utils
      sha256: a0f68adb078b790faa3c655110a017f9a7b7b079a57bbd40f540e80dce5fcd29
      url: "https://pub.dev"
    source: hosted
    version: "1.0.0-dev.7"
  riverpod_annotation:
    dependency: "direct main"
    description:
      name: riverpod_annotation
      sha256: "7230014155777fc31ba3351bc2cb5a3b5717b11bfafe52b1553cb47d385f8897"
      url: "https://pub.dev"
    source: hosted
    version: "3.0.3"
  riverpod_generator:
    dependency: "direct dev"
    description:
      name: riverpod_generator
      sha256: "49894543a42cf7a9954fc4e7366b6d3cb2e6ec0fa07775f660afcdd92d097702"
      url: "https://pub.dev"
    source: hosted
    version: "3.0.3"
  rxdart:
    dependency: "direct main"
    description:
      name: rxdart
      sha256: "5c3004a4a8dbb94bd4bf5412a4def4acdaa12e12f269737a5751369e12d1a962"
      url: "https://pub.dev"
    source: hosted
    version: "0.28.0"
  settings_ui:
    dependency: "direct main"
    description:
      name: settings_ui
      sha256: d9838037cb554b24b4218b2d07666fbada3478882edefae375ee892b6c820ef3
      url: "https://pub.dev"
    source: hosted
    version: "2.0.2"
  share_plus:
    dependency: "direct main"
    description:
      name: share_plus
      sha256: "14c8860d4de93d3a7e53af51bff479598c4e999605290756bbbe45cf65b37840"
      url: "https://pub.dev"
    source: hosted
    version: "12.0.1"
  share_plus_platform_interface:
    dependency: transitive
    description:
      name: share_plus_platform_interface
      sha256: "88023e53a13429bd65d8e85e11a9b484f49d4c190abbd96c7932b74d6927cc9a"
      url: "https://pub.dev"
    source: hosted
    version: "6.1.0"
  shared_preferences:
    dependency: "direct main"
    description:
      name: shared_preferences
      sha256: "6e8bf70b7fef813df4e9a36f658ac46d107db4b4cfe1048b477d4e453a8159f5"
      url: "https://pub.dev"
    source: hosted
    version: "2.5.3"
  shared_preferences_android:
    dependency: transitive
    description:
      name: shared_preferences_android
      sha256: bd14436108211b0d4ee5038689a56d4ae3620fd72fd6036e113bf1345bc74d9e
      url: "https://pub.dev"
    source: hosted
    version: "2.4.13"
  shared_preferences_foundation:
    dependency: transitive
    description:
      name: shared_preferences_foundation
      sha256: "6a52cfcdaeac77cad8c97b539ff688ccfc458c007b4db12be584fbe5c0e49e03"
      url: "https://pub.dev"
    source: hosted
    version: "2.5.4"
  shared_preferences_linux:
    dependency: transitive
    description:
      name: shared_preferences_linux
      sha256: "580abfd40f415611503cae30adf626e6656dfb2f0cee8f465ece7b6defb40f2f"
      url: "https://pub.dev"
    source: hosted
    version: "2.4.1"
  shared_preferences_platform_interface:
    dependency: transitive
    description:
      name: shared_preferences_platform_interface
      sha256: "57cbf196c486bc2cf1f02b85784932c6094376284b3ad5779d1b1c6c6a816b80"
      url: "https://pub.dev"
    source: hosted
    version: "2.4.1"
  shared_preferences_web:
    dependency: transitive
    description:
      name: shared_preferences_web
      sha256: c49bd060261c9a3f0ff445892695d6212ff603ef3115edbb448509d407600019
      url: "https://pub.dev"
    source: hosted
    version: "2.4.3"
  shared_preferences_windows:
    dependency: transitive
    description:
      name: shared_preferences_windows
      sha256: "94ef0f72b2d71bc3e700e025db3710911bd51a71cefb65cc609dd0d9a982e3c1"
      url: "https://pub.dev"
    source: hosted
    version: "2.4.1"
  shelf:
    dependency: transitive
    description:
      name: shelf
      sha256: e7dd780a7ffb623c57850b33f43309312fc863fb6aa3d276a754bb299839ef12
      url: "https://pub.dev"
    source: hosted
    version: "1.4.2"
  shelf_packages_handler:
    dependency: transitive
    description:
      name: shelf_packages_handler
      sha256: "89f967eca29607c933ba9571d838be31d67f53f6e4ee15147d5dc2934fee1b1e"
      url: "https://pub.dev"
    source: hosted
    version: "3.0.2"
  shelf_static:
    dependency: transitive
    description:
      name: shelf_static
      sha256: c87c3875f91262785dade62d135760c2c69cb217ac759485334c5857ad89f6e3
      url: "https://pub.dev"
    source: hosted
    version: "1.1.3"
  shelf_web_socket:
    dependency: transitive
    description:
      name: shelf_web_socket
      sha256: "3632775c8e90d6c9712f883e633716432a27758216dfb61bd86a8321c0580925"
      url: "https://pub.dev"
    source: hosted
    version: "3.0.0"
  sky_engine:
    dependency: transitive
    description: flutter
    source: sdk
    version: "0.0.0"
  source_gen:
    dependency: transitive
    description:
      name: source_gen
      sha256: "7b19d6ba131c6eb98bfcbf8d56c1a7002eba438af2e7ae6f8398b2b0f4f381e3"
      url: "https://pub.dev"
    source: hosted
    version: "3.1.0"
  source_map_stack_trace:
    dependency: transitive
    description:
      name: source_map_stack_trace
      sha256: c0713a43e323c3302c2abe2a1cc89aa057a387101ebd280371d6a6c9fa68516b
      url: "https://pub.dev"
    source: hosted
    version: "2.1.2"
  source_maps:
    dependency: transitive
    description:
      name: source_maps
      sha256: "190222579a448b03896e0ca6eca5998fa810fda630c1d65e2f78b3f638f54812"
      url: "https://pub.dev"
    source: hosted
    version: "0.10.13"
  source_span:
    dependency: transitive
    description:
      name: source_span
      sha256: "254ee5351d6cb365c859e20ee823c3bb479bf4a293c22d17a9f1bf144ce86f7c"
      url: "https://pub.dev"
    source: hosted
    version: "1.10.1"
  stack_trace:
    dependency: transitive
    description:
      name: stack_trace
      sha256: "8b27215b45d22309b5cddda1aa2b19bdfec9df0e765f2de506401c071d38d1b1"
      url: "https://pub.dev"
    source: hosted
    version: "1.12.1"
  state_notifier:
    dependency: transitive
    description:
      name: state_notifier
      sha256: b8677376aa54f2d7c58280d5a007f9e8774f1968d1fb1c096adcb4792fba29bb
      url: "https://pub.dev"
    source: hosted
    version: "1.0.0"
  stop_watch_timer:
    dependency: "direct main"
    description:
      name: stop_watch_timer
      sha256: "01441a71ea3d804b73025c172313f2f1bb253da40ecd1390bd3ada7553548c43"
      url: "https://pub.dev"
    source: hosted
    version: "3.2.2"
  stream_channel:
    dependency: transitive
    description:
      name: stream_channel
      sha256: "969e04c80b8bcdf826f8f16579c7b14d780458bd97f56d107d3950fdbeef059d"
      url: "https://pub.dev"
    source: hosted
    version: "2.1.4"
  stream_transform:
    dependency: transitive
    description:
      name: stream_transform
      sha256: ad47125e588cfd37a9a7f86c7d6356dde8dfe89d071d293f80ca9e9273a33871
      url: "https://pub.dev"
    source: hosted
    version: "2.1.1"
  string_scanner:
    dependency: transitive
    description:
      name: string_scanner
      sha256: "921cd31725b72fe181906c6a94d987c78e3b98c2e205b397ea399d4054872b43"
      url: "https://pub.dev"
    source: hosted
    version: "1.4.1"
  substring_highlight:
    dependency: "direct main"
    description:
      name: substring_highlight
      sha256: "96c61e8316098831f6bee87d2386617e4be6aaf87fbc89402dc049d371b67efb"
      url: "https://pub.dev"
    source: hosted
    version: "1.0.33"
  term_glyph:
    dependency: transitive
    description:
      name: term_glyph
      sha256: "7f554798625ea768a7518313e58f83891c7f5024f88e46e7182a4558850a4b8e"
      url: "https://pub.dev"
    source: hosted
    version: "1.2.2"
  test:
    dependency: transitive
    description:
      name: test
      sha256: "301b213cd241ca982e9ba50266bd3f5bd1ea33f1455554c5abb85d1be0e2d87e"
      url: "https://pub.dev"
    source: hosted
    version: "1.25.15"
  test_api:
    dependency: transitive
    description:
      name: test_api
      sha256: fb31f383e2ee25fbbfe06b40fe21e1e458d14080e3c67e7ba0acfde4df4e0bbd
      url: "https://pub.dev"
    source: hosted
    version: "0.7.4"
  test_core:
    dependency: transitive
    description:
      name: test_core
      sha256: "84d17c3486c8dfdbe5e12a50c8ae176d15e2a771b96909a9442b40173649ccaa"
      url: "https://pub.dev"
    source: hosted
    version: "0.6.8"
  timezone:
    dependency: transitive
    description:
      name: timezone
      sha256: dd14a3b83cfd7cb19e7888f1cbc20f258b8d71b54c06f79ac585f14093a287d1
      url: "https://pub.dev"
    source: hosted
    version: "0.10.1"
  timing:
    dependency: transitive
    description:
      name: timing
      sha256: "62ee18aca144e4a9f29d212f5a4c6a053be252b895ab14b5821996cff4ed90fe"
      url: "https://pub.dev"
    source: hosted
    version: "1.0.2"
  typed_data:
    dependency: transitive
    description:
      name: typed_data
      sha256: f9049c039ebfeb4cf7a7104a675823cd72dba8297f264b6637062516699fa006
      url: "https://pub.dev"
    source: hosted
    version: "1.4.0"
  url_launcher:
    dependency: "direct main"
    description:
      name: url_launcher
      sha256: f6a7e5c4835bb4e3026a04793a4199ca2d14c739ec378fdfe23fc8075d0439f8
      url: "https://pub.dev"
    source: hosted
    version: "6.3.2"
  url_launcher_android:
    dependency: transitive
    description:
      name: url_launcher_android
      sha256: "81777b08c498a292d93ff2feead633174c386291e35612f8da438d6e92c4447e"
      url: "https://pub.dev"
    source: hosted
    version: "6.3.20"
  url_launcher_ios:
    dependency: transitive
    description:
      name: url_launcher_ios
      sha256: d80b3f567a617cb923546034cc94bfe44eb15f989fe670b37f26abdb9d939cb7
      url: "https://pub.dev"
    source: hosted
    version: "6.3.4"
  url_launcher_linux:
    dependency: transitive
    description:
      name: url_launcher_linux
      sha256: d5e14138b3bc193a0f63c10a53c94b91d399df0512b1f29b94a043db7482384a
      url: "https://pub.dev"
    source: hosted
    version: "3.2.2"
  url_launcher_macos:
    dependency: transitive
    description:
      name: url_launcher_macos
      sha256: c043a77d6600ac9c38300567f33ef12b0ef4f4783a2c1f00231d2b1941fea13f
      url: "https://pub.dev"
    source: hosted
    version: "3.2.3"
  url_launcher_platform_interface:
    dependency: transitive
    description:
      name: url_launcher_platform_interface
      sha256: "552f8a1e663569be95a8190206a38187b531910283c3e982193e4f2733f01029"
      url: "https://pub.dev"
    source: hosted
    version: "2.3.2"
  url_launcher_web:
    dependency: transitive
    description:
      name: url_launcher_web
      sha256: "4bd2b7b4dc4d4d0b94e5babfffbca8eac1a126c7f3d6ecbc1a11013faa3abba2"
      url: "https://pub.dev"
    source: hosted
    version: "2.4.1"
  url_launcher_windows:
    dependency: transitive
    description:
      name: url_launcher_windows
      sha256: "712c70ab1b99744ff066053cbe3e80c73332b38d46e5e945c98689b2e66fc15f"
      url: "https://pub.dev"
    source: hosted
    version: "3.1.5"
  uuid:
    dependency: "direct main"
    description:
      name: uuid
      sha256: a11b666489b1954e01d992f3d601b1804a33937b5a8fe677bd26b8a9f96f96e8
      url: "https://pub.dev"
    source: hosted
    version: "4.5.2"
  vector_math:
    dependency: transitive
    description:
      name: vector_math
      sha256: "80b3257d1492ce4d091729e3a67a60407d227c27241d6927be0130c98e741803"
      url: "https://pub.dev"
    source: hosted
    version: "2.1.4"
  vm_service:
    dependency: transitive
    description:
      name: vm_service
      sha256: ddfa8d30d89985b96407efce8acbdd124701f96741f2d981ca860662f1c0dc02
      url: "https://pub.dev"
    source: hosted
    version: "15.0.0"
  watcher:
    dependency: transitive
    description:
      name: watcher
      sha256: "1398c9f081a753f9226febe8900fce8f7d0a67163334e1c94a2438339d79d635"
      url: "https://pub.dev"
    source: hosted
    version: "1.2.1"
  web:
    dependency: transitive
    description:
      name: web
      sha256: "868d88a33d8a87b18ffc05f9f030ba328ffefba92d6c127917a2ba740f9cfe4a"
      url: "https://pub.dev"
    source: hosted
    version: "1.1.1"
  web_socket:
    dependency: transitive
    description:
      name: web_socket
      sha256: "34d64019aa8e36bf9842ac014bb5d2f5586ca73df5e4d9bf5c936975cae6982c"
      url: "https://pub.dev"
    source: hosted
    version: "1.0.1"
  web_socket_channel:
    dependency: transitive
    description:
      name: web_socket_channel
      sha256: d645757fb0f4773d602444000a8131ff5d48c9e47adfe9772652dd1a4f2d45c8
      url: "https://pub.dev"
    source: hosted
    version: "3.0.3"
  webkit_inspection_protocol:
    dependency: transitive
    description:
      name: webkit_inspection_protocol
      sha256: "87d3f2333bb240704cd3f1c6b5b7acd8a10e7f0bc28c28dcf14e782014f4a572"
      url: "https://pub.dev"
    source: hosted
    version: "1.2.1"
  win32:
    dependency: transitive
    description:
      name: win32
      sha256: d7cb55e04cd34096cd3a79b3330245f54cb96a370a1c27adb3c84b917de8b08e
      url: "https://pub.dev"
    source: hosted
    version: "5.15.0"
  xdg_directories:
    dependency: transitive
    description:
      name: xdg_directories
      sha256: "7a3f37b05d989967cdddcbb571f1ea834867ae2faa29725fd085180e0883aa15"
      url: "https://pub.dev"
    source: hosted
    version: "1.1.0"
  xml:
    dependency: transitive
    description:
      name: xml
      sha256: "971043b3a0d3da28727e40ed3e0b5d18b742fa5a68665cca88e74b7876d5e025"
      url: "https://pub.dev"
    source: hosted
    version: "6.6.1"
  yaml:
    dependency: transitive
    description:
      name: yaml
      sha256: b9da305ac7c39faa3f030eccd175340f968459dae4af175130b3fc47e40d76ce
      url: "https://pub.dev"
    source: hosted
    version: "3.1.3"
sdks:
  dart: ">=3.8.1 <4.0.0"
  flutter: ">=3.32.0"
